PODS:
  - NFrameWork (0.1.0)

DEPENDENCIES:
  - NFrameWork (from `/Users/systology/Documents/Projects/new-begning/swift/NFrameWork`)

EXTERNAL SOURCES:
  NFrameWork:
    :path: /Users/systology/Documents/Projects/new-begning/swift/NFrameWork

SPEC CHECKSUMS:
  NFrameWork: 55f1012baab76c8bc5196fcc4c710b9ace89c238

PODFILE CHECKSUM: 045bce2ff9e1ff33c4116a3eadcd667b3020c31d

COCOAPODS: 1.4.0.beta.2
