// !$*UTF8*$!
{
	archiveVersion = 1;
	classes = {
	};
	objectVersion = 48;
	objects = {

/* Begin PBXBuildFile section */
		10CD3D3AE7CF6CF284A3FBB8 /* Pods_NExampleApp.framework in Frameworks */ = {isa = PBXBuildFile; fileRef = 41FCE0DDE879E61719389F14 /* Pods_NExampleApp.framework */; };
		8D3F6BF21FBA1BE900DDF0AC /* AppDelegate.m in Sources */ = {isa = PBXBuildFile; fileRef = 8D3F6BF11FBA1BE900DDF0AC /* AppDelegate.m */; };
		8D3F6BF51FBA1BE900DDF0AC /* ViewController.m in Sources */ = {isa = PBXBuildFile; fileRef = 8D3F6BF41FBA1BE900DDF0AC /* ViewController.m */; };
		8D3F6BF81FBA1BE900DDF0AC /* Main.storyboard in Resources */ = {isa = PBXBuildFile; fileRef = 8D3F6BF61FBA1BE900DDF0AC /* Main.storyboard */; };
		8D3F6BFA1FBA1BE900DDF0AC /* Assets.xcassets in Resources */ = {isa = PBXBuildFile; fileRef = 8D3F6BF91FBA1BE900DDF0AC /* Assets.xcassets */; };
		8D3F6BFD1FBA1BE900DDF0AC /* LaunchScreen.storyboard in Resources */ = {isa = PBXBuildFile; fileRef = 8D3F6BFB1FBA1BE900DDF0AC /* LaunchScreen.storyboard */; };
		8D3F6C001FBA1BE900DDF0AC /* main.m in Sources */ = {isa = PBXBuildFile; fileRef = 8D3F6BFF1FBA1BE900DDF0AC /* main.m */; };
/* End PBXBuildFile section */

/* Begin PBXFileReference section */
		41FCE0DDE879E61719389F14 /* Pods_NExampleApp.framework */ = {isa = PBXFileReference; explicitFileType = wrapper.framework; includeInIndex = 0; path = Pods_NExampleApp.framework; sourceTree = BUILT_PRODUCTS_DIR; };
		8D3F6BED1FBA1BE900DDF0AC /* NExampleApp.app */ = {isa = PBXFileReference; explicitFileType = wrapper.application; includeInIndex = 0; path = NExampleApp.app; sourceTree = BUILT_PRODUCTS_DIR; };
		8D3F6BF01FBA1BE900DDF0AC /* AppDelegate.h */ = {isa = PBXFileReference; lastKnownFileType = sourcecode.c.h; path = AppDelegate.h; sourceTree = "<group>"; };
		8D3F6BF11FBA1BE900DDF0AC /* AppDelegate.m */ = {isa = PBXFileReference; lastKnownFileType = sourcecode.c.objc; path = AppDelegate.m; sourceTree = "<group>"; };
		8D3F6BF31FBA1BE900DDF0AC /* ViewController.h */ = {isa = PBXFileReference; lastKnownFileType = sourcecode.c.h; path = ViewController.h; sourceTree = "<group>"; };
		8D3F6BF41FBA1BE900DDF0AC /* ViewController.m */ = {isa = PBXFileReference; lastKnownFileType = sourcecode.c.objc; path = ViewController.m; sourceTree = "<group>"; };
		8D3F6BF71FBA1BE900DDF0AC /* Base */ = {isa = PBXFileReference; lastKnownFileType = file.storyboard; name = Base; path = Base.lproj/Main.storyboard; sourceTree = "<group>"; };
		8D3F6BF91FBA1BE900DDF0AC /* Assets.xcassets */ = {isa = PBXFileReference; lastKnownFileType = folder.assetcatalog; path = Assets.xcassets; sourceTree = "<group>"; };
		8D3F6BFC1FBA1BE900DDF0AC /* Base */ = {isa = PBXFileReference; lastKnownFileType = file.storyboard; name = Base; path = Base.lproj/LaunchScreen.storyboard; sourceTree = "<group>"; };
		8D3F6BFE1FBA1BE900DDF0AC /* Info.plist */ = {isa = PBXFileReference; lastKnownFileType = text.plist.xml; path = Info.plist; sourceTree = "<group>"; };
		8D3F6BFF1FBA1BE900DDF0AC /* main.m */ = {isa = PBXFileReference; lastKnownFileType = sourcecode.c.objc; path = main.m; sourceTree = "<group>"; };
		994F227E86897A82B4387CF9 /* Pods-NExampleApp.release.xcconfig */ = {isa = PBXFileReference; includeInIndex = 1; lastKnownFileType = text.xcconfig; name = "Pods-NExampleApp.release.xcconfig"; path = "Pods/Target Support Files/Pods-NExampleApp/Pods-NExampleApp.release.xcconfig"; sourceTree = "<group>"; };
		E7A052825CAAB5B1BEB78535 /* Pods-NExampleApp.debug.xcconfig */ = {isa = PBXFileReference; includeInIndex = 1; lastKnownFileType = text.xcconfig; name = "Pods-NExampleApp.debug.xcconfig"; path = "Pods/Target Support Files/Pods-NExampleApp/Pods-NExampleApp.debug.xcconfig"; sourceTree = "<group>"; };
/* End PBXFileReference section */

/* Begin PBXFrameworksBuildPhase section */
		8D3F6BEA1FBA1BE900DDF0AC /* Frameworks */ = {
			isa = PBXFrameworksBuildPhase;
			buildActionMask = 2147483647;
			files = (
				10CD3D3AE7CF6CF284A3FBB8 /* Pods_NExampleApp.framework in Frameworks */,
			);
			runOnlyForDeploymentPostprocessing = 0;
		};
/* End PBXFrameworksBuildPhase section */

/* Begin PBXGroup section */
		2DE399C1E19D8147F8C5C84A /* Frameworks */ = {
			isa = PBXGroup;
			children = (
				41FCE0DDE879E61719389F14 /* Pods_NExampleApp.framework */,
			);
			name = Frameworks;
			sourceTree = "<group>";
		};
		5D3D32C17D350CEC2819B3BC /* Pods */ = {
			isa = PBXGroup;
			children = (
				E7A052825CAAB5B1BEB78535 /* Pods-NExampleApp.debug.xcconfig */,
				994F227E86897A82B4387CF9 /* Pods-NExampleApp.release.xcconfig */,
			);
			name = Pods;
			sourceTree = "<group>";
		};
		8D3F6BE41FBA1BE900DDF0AC = {
			isa = PBXGroup;
			children = (
				8D3F6BEF1FBA1BE900DDF0AC /* NExampleApp */,
				8D3F6BEE1FBA1BE900DDF0AC /* Products */,
				5D3D32C17D350CEC2819B3BC /* Pods */,
				2DE399C1E19D8147F8C5C84A /* Frameworks */,
			);
			sourceTree = "<group>";
		};
		8D3F6BEE1FBA1BE900DDF0AC /* Products */ = {
			isa = PBXGroup;
			children = (
				8D3F6BED1FBA1BE900DDF0AC /* NExampleApp.app */,
			);
			name = Products;
			sourceTree = "<group>";
		};
		8D3F6BEF1FBA1BE900DDF0AC /* NExampleApp */ = {
			isa = PBXGroup;
			children = (
				8D3F6BF01FBA1BE900DDF0AC /* AppDelegate.h */,
				8D3F6BF11FBA1BE900DDF0AC /* AppDelegate.m */,
				8D3F6BF31FBA1BE900DDF0AC /* ViewController.h */,
				8D3F6BF41FBA1BE900DDF0AC /* ViewController.m */,
				8D3F6BF61FBA1BE900DDF0AC /* Main.storyboard */,
				8D3F6BF91FBA1BE900DDF0AC /* Assets.xcassets */,
				8D3F6BFB1FBA1BE900DDF0AC /* LaunchScreen.storyboard */,
				8D3F6BFE1FBA1BE900DDF0AC /* Info.plist */,
				8D3F6BFF1FBA1BE900DDF0AC /* main.m */,
			);
			path = NExampleApp;
			sourceTree = "<group>";
		};
/* End PBXGroup section */

/* Begin PBXNativeTarget section */
		8D3F6BEC1FBA1BE900DDF0AC /* NExampleApp */ = {
			isa = PBXNativeTarget;
			buildConfigurationList = 8D3F6C031FBA1BE900DDF0AC /* Build configuration list for PBXNativeTarget "NExampleApp" */;
			buildPhases = (
				1752C007C20A3BC6E0AAD80F /* [CP] Check Pods Manifest.lock */,
				8D3F6BE91FBA1BE900DDF0AC /* Sources */,
				8D3F6BEA1FBA1BE900DDF0AC /* Frameworks */,
				8D3F6BEB1FBA1BE900DDF0AC /* Resources */,
				031798B246EA2659D6D7FD03 /* [CP] Embed Pods Frameworks */,
				3DBC0AE38D181228389EF171 /* [CP] Copy Pods Resources */,
			);
			buildRules = (
			);
			dependencies = (
			);
			name = NExampleApp;
			productName = NExampleApp;
			productReference = 8D3F6BED1FBA1BE900DDF0AC /* NExampleApp.app */;
			productType = "com.apple.product-type.application";
		};
/* End PBXNativeTarget section */

/* Begin PBXProject section */
		8D3F6BE51FBA1BE900DDF0AC /* Project object */ = {
			isa = PBXProject;
			attributes = {
				LastUpgradeCheck = 0910;
				ORGANIZATIONNAME = "Neeraj Goyal";
				TargetAttributes = {
					8D3F6BEC1FBA1BE900DDF0AC = {
						CreatedOnToolsVersion = 9.1;
						ProvisioningStyle = Automatic;
					};
				};
			};
			buildConfigurationList = 8D3F6BE81FBA1BE900DDF0AC /* Build configuration list for PBXProject "NExampleApp" */;
			compatibilityVersion = "Xcode 8.0";
			developmentRegion = en;
			hasScannedForEncodings = 0;
			knownRegions = (
				en,
				Base,
			);
			mainGroup = 8D3F6BE41FBA1BE900DDF0AC;
			productRefGroup = 8D3F6BEE1FBA1BE900DDF0AC /* Products */;
			projectDirPath = "";
			projectRoot = "";
			targets = (
				8D3F6BEC1FBA1BE900DDF0AC /* NExampleApp */,
			);
		};
/* End PBXProject section */

/* Begin PBXResourcesBuildPhase section */
		8D3F6BEB1FBA1BE900DDF0AC /* Resources */ = {
			isa = PBXResourcesBuildPhase;
			buildActionMask = 2147483647;
			files = (
				8D3F6BFD1FBA1BE900DDF0AC /* LaunchScreen.storyboard in Resources */,
				8D3F6BFA1FBA1BE900DDF0AC /* Assets.xcassets in Resources */,
				8D3F6BF81FBA1BE900DDF0AC /* Main.storyboard in Resources */,
			);
			runOnlyForDeploymentPostprocessing = 0;
		};
/* End PBXResourcesBuildPhase section */

/* Begin PBXShellScriptBuildPhase section */
		031798B246EA2659D6D7FD03 /* [CP] Embed Pods Frameworks */ = {
			isa = PBXShellScriptBuildPhase;
			buildActionMask = 2147483647;
			files = (
			);
			inputPaths = (
				"${SRCROOT}/Pods/Target Support Files/Pods-NExampleApp/Pods-NExampleApp-frameworks.sh",
				"${BUILT_PRODUCTS_DIR}/GoogleToolboxForMac/GoogleToolboxForMac.framework",
				"${BUILT_PRODUCTS_DIR}/NCore/NCore.framework",
				"${BUILT_PRODUCTS_DIR}/NFrameWork/NFrameWork.framework",
				"${BUILT_PRODUCTS_DIR}/Protobuf/Protobuf.framework",
				"${BUILT_PRODUCTS_DIR}/nanopb/nanopb.framework",
			);
			name = "[CP] Embed Pods Frameworks";
			outputPaths = (
				"${TARGET_BUILD_DIR}/${FRAMEWORKS_FOLDER_PATH}/GoogleToolboxForMac.framework",
				"${TARGET_BUILD_DIR}/${FRAMEWORKS_FOLDER_PATH}/NCore.framework",
				"${TARGET_BUILD_DIR}/${FRAMEWORKS_FOLDER_PATH}/NFrameWork.framework",
				"${TARGET_BUILD_DIR}/${FRAMEWORKS_FOLDER_PATH}/Protobuf.framework",
				"${TARGET_BUILD_DIR}/${FRAMEWORKS_FOLDER_PATH}/nanopb.framework",
			);
			runOnlyForDeploymentPostprocessing = 0;
			shellPath = /bin/sh;
			shellScript = "\"${SRCROOT}/Pods/Target Support Files/Pods-NExampleApp/Pods-NExampleApp-frameworks.sh\"\n";
			showEnvVarsInLog = 0;
		};
		1752C007C20A3BC6E0AAD80F /* [CP] Check Pods Manifest.lock */ = {
			isa = PBXShellScriptBuildPhase;
			buildActionMask = 2147483647;
			files = (
			);
			inputPaths = (
				"${PODS_PODFILE_DIR_PATH}/Podfile.lock",
				"${PODS_ROOT}/Manifest.lock",
			);
			name = "[CP] Check Pods Manifest.lock";
			outputPaths = (
				"$(DERIVED_FILE_DIR)/Pods-NExampleApp-checkManifestLockResult.txt",
			);
			runOnlyForDeploymentPostprocessing = 0;
			shellPath = /bin/sh;
			shellScript = "diff \"${PODS_PODFILE_DIR_PATH}/Podfile.lock\" \"${PODS_ROOT}/Manifest.lock\" > /dev/null\nif [ $? != 0 ] ; then\n    # print error to STDERR\n    echo \"error: The sandbox is not in sync with the Podfile.lock. Run 'pod install' or update your CocoaPods installation.\" >&2\n    exit 1\nfi\n# This output is used by Xcode 'outputs' to avoid re-running this script phase.\necho \"SUCCESS\" > \"${SCRIPT_OUTPUT_FILE_0}\"\n";
			showEnvVarsInLog = 0;
		};
		3DBC0AE38D181228389EF171 /* [CP] Copy Pods Resources */ = {
			isa = PBXShellScriptBuildPhase;
			buildActionMask = 2147483647;
			files = (
			);
			inputPaths = (
			);
			name = "[CP] Copy Pods Resources";
			outputPaths = (
			);
			runOnlyForDeploymentPostprocessing = 0;
			shellPath = /bin/sh;
			shellScript = "\"${SRCROOT}/Pods/Target Support Files/Pods-NExampleApp/Pods-NExampleApp-resources.sh\"\n";
			showEnvVarsInLog = 0;
		};
/* End PBXShellScriptBuildPhase section */

/* Begin PBXSourcesBuildPhase section */
		8D3F6BE91FBA1BE900DDF0AC /* Sources */ = {
			isa = PBXSourcesBuildPhase;
			buildActionMask = 2147483647;
			files = (
				8D3F6BF51FBA1BE900DDF0AC /* ViewController.m in Sources */,
				8D3F6C001FBA1BE900DDF0AC /* main.m in Sources */,
				8D3F6BF21FBA1BE900DDF0AC /* AppDelegate.m in Sources */,
			);
			runOnlyForDeploymentPostprocessing = 0;
		};
/* End PBXSourcesBuildPhase section */

/* Begin PBXVariantGroup section */
		8D3F6BF61FBA1BE900DDF0AC /* Main.storyboard */ = {
			isa = PBXVariantGroup;
			children = (
				8D3F6BF71FBA1BE900DDF0AC /* Base */,
			);
			name = Main.storyboard;
			sourceTree = "<group>";
		};
		8D3F6BFB1FBA1BE900DDF0AC /* LaunchScreen.storyboard */ = {
			isa = PBXVariantGroup;
			children = (
				8D3F6BFC1FBA1BE900DDF0AC /* Base */,
			);
			name = LaunchScreen.storyboard;
			sourceTree = "<group>";
		};
/* End PBXVariantGroup section */

/* Begin XCBuildConfiguration section */
		8D3F6C011FBA1BE900DDF0AC /* Debug */ = {
			isa = XCBuildConfiguration;
			buildSettings = {
				ALWAYS_SEARCH_USER_PATHS = NO;
				CLANG_ANALYZER_NONNULL = YES;
				CLANG_ANALYZER_NUMBER_OBJECT_CONVERSION = YES_AGGRESSIVE;
				CLANG_CXX_LANGUAGE_STANDARD = "gnu++14";
				CLANG_CXX_LIBRARY = "libc++";
				CLANG_ENABLE_MODULES = YES;
				CLANG_ENABLE_OBJC_ARC = YES;
				CLANG_WARN_BLOCK_CAPTURE_AUTORELEASING = YES;
				CLANG_WARN_BOOL_CONVERSION = YES;
				CLANG_WARN_COMMA = YES;
				CLANG_WARN_CONSTANT_CONVERSION = YES;
				CLANG_WARN_DIRECT_OBJC_ISA_USAGE = YES_ERROR;
				CLANG_WARN_DOCUMENTATION_COMMENTS = YES;
				CLANG_WARN_EMPTY_BODY = YES;
				CLANG_WARN_ENUM_CONVERSION = YES;
				CLANG_WARN_INFINITE_RECURSION = YES;
				CLANG_WARN_INT_CONVERSION = YES;
				CLANG_WARN_NON_LITERAL_NULL_CONVERSION = YES;
				CLANG_WARN_OBJC_LITERAL_CONVERSION = YES;
				CLANG_WARN_OBJC_ROOT_CLASS = YES_ERROR;
				CLANG_WARN_RANGE_LOOP_ANALYSIS = YES;
				CLANG_WARN_STRICT_PROTOTYPES = YES;
				CLANG_WARN_SUSPICIOUS_MOVE = YES;
				CLANG_WARN_UNGUARDED_AVAILABILITY = YES_AGGRESSIVE;
				CLANG_WARN_UNREACHABLE_CODE = YES;
				CLANG_WARN__DUPLICATE_METHOD_MATCH = YES;
				CODE_SIGN_IDENTITY = "iPhone Developer";
				COPY_PHASE_STRIP = NO;
				DEBUG_INFORMATION_FORMAT = dwarf;
				ENABLE_STRICT_OBJC_MSGSEND = YES;
				ENABLE_TESTABILITY = YES;
				GCC_C_LANGUAGE_STANDARD = gnu11;
				GCC_DYNAMIC_NO_PIC = NO;
				GCC_NO_COMMON_BLOCKS = YES;
				GCC_OPTIMIZATION_LEVEL = 0;
				GCC_PREPROCESSOR_DEFINITIONS = (
					"DEBUG=1",
					"$(inherited)",
				);
				GCC_WARN_64_TO_32_BIT_CONVERSION = YES;
				GCC_WARN_ABOUT_RETURN_TYPE = YES_ERROR;
				GCC_WARN_UNDECLARED_SELECTOR = YES;
				GCC_WARN_UNINITIALIZED_AUTOS = YES_AGGRESSIVE;
				GCC_WARN_UNUSED_FUNCTION = YES;
				GCC_WARN_UNUSED_VARIABLE = YES;
				IPHONEOS_DEPLOYMENT_TARGET = 11.1;
				MTL_ENABLE_DEBUG_INFO = YES;
				ONLY_ACTIVE_ARCH = YES;
				SDKROOT = iphoneos;
			};
			name = Debug;
		};
		8D3F6C021FBA1BE900DDF0AC /* Release */ = {
			isa = XCBuildConfiguration;
			buildSettings = {
				ALWAYS_SEARCH_USER_PATHS = NO;
				CLANG_ANALYZER_NONNULL = YES;
				CLANG_ANALYZER_NUMBER_OBJECT_CONVERSION = YES_AGGRESSIVE;
				CLANG_CXX_LANGUAGE_STANDARD = "gnu++14";
				CLANG_CXX_LIBRARY = "libc++";
				CLANG_ENABLE_MODULES = YES;
				CLANG_ENABLE_OBJC_ARC = YES;
				CLANG_WARN_BLOCK_CAPTURE_AUTORELEASING = YES;
				CLANG_WARN_BOOL_CONVERSION = YES;
				CLANG_WARN_COMMA = YES;
				CLANG_WARN_CONSTANT_CONVERSION = YES;
				CLANG_WARN_DIRECT_OBJC_ISA_USAGE = YES_ERROR;
				CLANG_WARN_DOCUMENTATION_COMMENTS = YES;
				CLANG_WARN_EMPTY_BODY = YES;
				CLANG_WARN_ENUM_CONVERSION = YES;
				CLANG_WARN_INFINITE_RECURSION = YES;
				CLANG_WARN_INT_CONVERSION = YES;
				CLANG_WARN_NON_LITERAL_NULL_CONVERSION = YES;
				CLANG_WARN_OBJC_LITERAL_CONVERSION = YES;
				CLANG_WARN_OBJC_ROOT_CLASS = YES_ERROR;
				CLANG_WARN_RANGE_LOOP_ANALYSIS = YES;
				CLANG_WARN_STRICT_PROTOTYPES = YES;
				CLANG_WARN_SUSPICIOUS_MOVE = YES;
				CLANG_WARN_UNGUARDED_AVAILABILITY = YES_AGGRESSIVE;
				CLANG_WARN_UNREACHABLE_CODE = YES;
				CLANG_WARN__DUPLICATE_METHOD_MATCH = YES;
				CODE_SIGN_IDENTITY = "iPhone Developer";
				COPY_PHASE_STRIP = NO;
				DEBUG_INFORMATION_FORMAT = "dwarf-with-dsym";
				ENABLE_NS_ASSERTIONS = NO;
				ENABLE_STRICT_OBJC_MSGSEND = YES;
				GCC_C_LANGUAGE_STANDARD = gnu11;
				GCC_NO_COMMON_BLOCKS = YES;
				GCC_WARN_64_TO_32_BIT_CONVERSION = YES;
				GCC_WARN_ABOUT_RETURN_TYPE = YES_ERROR;
				GCC_WARN_UNDECLARED_SELECTOR = YES;
				GCC_WARN_UNINITIALIZED_AUTOS = YES_AGGRESSIVE;
				GCC_WARN_UNUSED_FUNCTION = YES;
				GCC_WARN_UNUSED_VARIABLE = YES;
				IPHONEOS_DEPLOYMENT_TARGET = 11.1;
				MTL_ENABLE_DEBUG_INFO = NO;
				SDKROOT = iphoneos;
				VALIDATE_PRODUCT = YES;
			};
			name = Release;
		};
		8D3F6C041FBA1BE900DDF0AC /* Debug */ = {
			isa = XCBuildConfiguration;
			baseConfigurationReference = E7A052825CAAB5B1BEB78535 /* Pods-NExampleApp.debug.xcconfig */;
			buildSettings = {
				ASSETCATALOG_COMPILER_APPICON_NAME = AppIcon;
				CODE_SIGN_STYLE = Automatic;
				INFOPLIST_FILE = NExampleApp/Info.plist;
				LD_RUNPATH_SEARCH_PATHS = "$(inherited) @executable_path/Frameworks";
				PRODUCT_BUNDLE_IDENTIFIER = neerajgoyal.NExampleApp;
				PRODUCT_NAME = "$(TARGET_NAME)";
				TARGETED_DEVICE_FAMILY = "1,2";
			};
			name = Debug;
		};
		8D3F6C051FBA1BE900DDF0AC /* Release */ = {
			isa = XCBuildConfiguration;
			baseConfigurationReference = 994F227E86897A82B4387CF9 /* Pods-NExampleApp.release.xcconfig */;
			buildSettings = {
				ASSETCATALOG_COMPILER_APPICON_NAME = AppIcon;
				CODE_SIGN_STYLE = Automatic;
				INFOPLIST_FILE = NExampleApp/Info.plist;
				LD_RUNPATH_SEARCH_PATHS = "$(inherited) @executable_path/Frameworks";
				PRODUCT_BUNDLE_IDENTIFIER = neerajgoyal.NExampleApp;
				PRODUCT_NAME = "$(TARGET_NAME)";
				TARGETED_DEVICE_FAMILY = "1,2";
			};
			name = Release;
		};
/* End XCBuildConfiguration section */

/* Begin XCConfigurationList section */
		8D3F6BE81FBA1BE900DDF0AC /* Build configuration list for PBXProject "NExampleApp" */ = {
			isa = XCConfigurationList;
			buildConfigurations = (
				8D3F6C011FBA1BE900DDF0AC /* Debug */,
				8D3F6C021FBA1BE900DDF0AC /* Release */,
			);
			defaultConfigurationIsVisible = 0;
			defaultConfigurationName = Release;
		};
		8D3F6C031FBA1BE900DDF0AC /* Build configuration list for PBXNativeTarget "NExampleApp" */ = {
			isa = XCConfigurationList;
			buildConfigurations = (
				8D3F6C041FBA1BE900DDF0AC /* Debug */,
				8D3F6C051FBA1BE900DDF0AC /* Release */,
			);
			defaultConfigurationIsVisible = 0;
			defaultConfigurationName = Release;
		};
/* End XCConfigurationList section */
	};
	rootObject = 8D3F6BE51FBA1BE900DDF0AC /* Project object */;
}
